
Microsoft Visual Studio Solution File, Format Version 12.00
# Visual Studio Version 16
VisualStudioVersion = 16.0.29519.87
MinimumVisualStudioVersion = 10.0.40219.1
Project("{FAE04EC0-301F-11D3-BF4B-00C04F79EFBC}") = "warrior's path WF", "warrior's path WF\warrior's path WF.csproj", "{8D0E551A-6348-4845-82DF-959D83883517}"
EndProject
Global
	GlobalSection(SolutionConfigurationPlatforms) = preSolution
		Debug|Any CPU = Debug|Any CPU
		Release|Any CPU = Release|Any CPU
	EndGlobalSection
	GlobalSection(ProjectConfigurationPlatforms) = postSolution
		{8D0E551A-6348-4845-82DF-959D83883517}.Debug|Any CPU.ActiveCfg = Debug|Any CPU
		{8D0E551A-6348-4845-82DF-959D83883517}.Debug|Any CPU.Build.0 = Debug|Any CPU
		{8D0E551A-6348-4845-82DF-959D83883517}.Release|Any CPU.ActiveCfg = Release|Any CPU
		{8D0E551A-6348-4845-82DF-959D83883517}.Release|Any CPU.Build.0 = Release|Any CPU
	EndGlobalSection
	GlobalSection(SolutionProperties) = preSolution
		HideSolutionNode = FALSE
	EndGlobalSection
	GlobalSection(ExtensibilityGlobals) = postSolution
		SolutionGuid = {C008F8F8-5913-4A39-A654-EC1EA8B75108}
	EndGlobalSection
EndGlobal
