
Microsoft Visual Studio Solution File, Format Version 12.00
# Visual Studio Version 16
VisualStudioVersion = 16.0.29306.81
MinimumVisualStudioVersion = 10.0.40219.1
Project("{FAE04EC0-301F-11D3-BF4B-00C04F79EFBC}") = "warrior's path", "warrior's path\warrior's path.csproj", "{77401E66-328F-4B60-8F93-7CA0E71408E7}"
EndProject
Global
	GlobalSection(SolutionConfigurationPlatforms) = preSolution
		Debug|Any CPU = Debug|Any CPU
		Release|Any CPU = Release|Any CPU
	EndGlobalSection
	GlobalSection(ProjectConfigurationPlatforms) = postSolution
		{77401E66-328F-4B60-8F93-7CA0E71408E7}.Debug|Any CPU.ActiveCfg = Debug|Any CPU
		{77401E66-328F-4B60-8F93-7CA0E71408E7}.Debug|Any CPU.Build.0 = Debug|Any CPU
		{77401E66-328F-4B60-8F93-7CA0E71408E7}.Release|Any CPU.ActiveCfg = Release|Any CPU
		{77401E66-328F-4B60-8F93-7CA0E71408E7}.Release|Any CPU.Build.0 = Release|Any CPU
	EndGlobalSection
	GlobalSection(SolutionProperties) = preSolution
		HideSolutionNode = FALSE
	EndGlobalSection
	GlobalSection(ExtensibilityGlobals) = postSolution
		SolutionGuid = {732DD1D4-46C2-41E8-83C9-C35E15DDA5F5}
	EndGlobalSection
EndGlobal
